
Microsoft Visual Studio Solution File, Format Version 12.00
# Visual Studio Version 16
VisualStudioVersion = 16.0.31729.503
MinimumVisualStudioVersion = 10.0.40219.1
Project("{FAE04EC0-301F-11D3-BF4B-00C04F79EFBC}") = "Lib", "Lib\Lib.csproj", "{83BB44C7-F6E2-450F-996D-0DEE21C8EEB0}"
EndProject
Project("{FAE04EC0-301F-11D3-BF4B-00C04F79EFBC}") = "WebApi", "WebApi\WebApi.csproj", "{70CA1D4B-7680-40EF-A150-9AC671C08A9C}"
EndProject
Project("{FAE04EC0-301F-11D3-BF4B-00C04F79EFBC}") = "WebApp", "WebApp\WebApp.csproj", "{849C2F94-A2A1-4F02-A37C-C69446E13D0C}"
EndProject
Project("{888888A0-9F3D-457C-B088-3A5042F75D52}") = "WebApiPython", "WebApiPython\WebApiPython.pyproj", "{646B3B62-4098-496F-A909-63BC9C071913}"
EndProject
Project("{888888A0-9F3D-457C-B088-3A5042F75D52}") = "WebAppPython", "WebAppPython\WebAppPython.pyproj", "{C68938ED-BFC6-4F19-BAB5-56A6164A206D}"
EndProject
Global
	GlobalSection(SolutionConfigurationPlatforms) = preSolution
		Debug|Any CPU = Debug|Any CPU
		Release|Any CPU = Release|Any CPU
	EndGlobalSection
	GlobalSection(ProjectConfigurationPlatforms) = postSolution
		{83BB44C7-F6E2-450F-996D-0DEE21C8EEB0}.Debug|Any CPU.ActiveCfg = Debug|Any CPU
		{83BB44C7-F6E2-450F-996D-0DEE21C8EEB0}.Debug|Any CPU.Build.0 = Debug|Any CPU
		{83BB44C7-F6E2-450F-996D-0DEE21C8EEB0}.Release|Any CPU.ActiveCfg = Release|Any CPU
		{83BB44C7-F6E2-450F-996D-0DEE21C8EEB0}.Release|Any CPU.Build.0 = Release|Any CPU
		{70CA1D4B-7680-40EF-A150-9AC671C08A9C}.Debug|Any CPU.ActiveCfg = Debug|Any CPU
		{70CA1D4B-7680-40EF-A150-9AC671C08A9C}.Debug|Any CPU.Build.0 = Debug|Any CPU
		{70CA1D4B-7680-40EF-A150-9AC671C08A9C}.Release|Any CPU.ActiveCfg = Release|Any CPU
		{70CA1D4B-7680-40EF-A150-9AC671C08A9C}.Release|Any CPU.Build.0 = Release|Any CPU
		{849C2F94-A2A1-4F02-A37C-C69446E13D0C}.Debug|Any CPU.ActiveCfg = Debug|Any CPU
		{849C2F94-A2A1-4F02-A37C-C69446E13D0C}.Debug|Any CPU.Build.0 = Debug|Any CPU
		{849C2F94-A2A1-4F02-A37C-C69446E13D0C}.Release|Any CPU.ActiveCfg = Release|Any CPU
		{849C2F94-A2A1-4F02-A37C-C69446E13D0C}.Release|Any CPU.Build.0 = Release|Any CPU
		{646B3B62-4098-496F-A909-63BC9C071913}.Debug|Any CPU.ActiveCfg = Debug|Any CPU
		{646B3B62-4098-496F-A909-63BC9C071913}.Debug|Any CPU.Build.0 = Debug|Any CPU
		{646B3B62-4098-496F-A909-63BC9C071913}.Release|Any CPU.ActiveCfg = Release|Any CPU
		{646B3B62-4098-496F-A909-63BC9C071913}.Release|Any CPU.Build.0 = Release|Any CPU
		{C68938ED-BFC6-4F19-BAB5-56A6164A206D}.Debug|Any CPU.ActiveCfg = Debug|Any CPU
		{C68938ED-BFC6-4F19-BAB5-56A6164A206D}.Debug|Any CPU.Build.0 = Debug|Any CPU
		{C68938ED-BFC6-4F19-BAB5-56A6164A206D}.Release|Any CPU.ActiveCfg = Release|Any CPU
		{C68938ED-BFC6-4F19-BAB5-56A6164A206D}.Release|Any CPU.Build.0 = Release|Any CPU
	EndGlobalSection
	GlobalSection(SolutionProperties) = preSolution
		HideSolutionNode = FALSE
	EndGlobalSection
	GlobalSection(ExtensibilityGlobals) = postSolution
		SolutionGuid = {55A2CA3E-DB24-49A2-AFA3-C415F679D381}
	EndGlobalSection
EndGlobal
